{
  "nodes": {
    "nixpkgs": {
      "locked": {
        "lastModified": 1737885640,
        "narHash": "sha256-GFzPxJzTd1rPIVD4IW+GwJlyGwBDV1Tj5FLYwDQQ9sM=",
        "rev": "4e96537f163fad24ed9eb317798a79afc85b51b7",
        "revCount": 713719,
        "type": "tarball",
        "url": "https://api.flakehub.com/f/pinned/NixOS/nixpkgs/0.2411.713719%2Brev-4e96537f163fad24ed9eb317798a79afc85b51b7/0194a5bc-8d66-7d8a-ba9c-e4e12895437f/source.tar.gz"
      },
      "original": {
        "type": "tarball",
        "url": "https://flakehub.com/f/NixOS/nixpkgs/%2A.tar.gz"
      }
    },
    "root": {
      "inputs": {
        "nixpkgs": "nixpkgs"
      }
    }
  },
  "root": "root",
  "version": 7
}
